
Microsoft Visual Studio Solution File, Format Version 12.00
# Visual Studio Version 17
VisualStudioVersion = 17.14.36414.22 d17.14
MinimumVisualStudioVersion = 10.0.40219.1
Project("{FAE04EC0-301F-11D3-BF4B-00C04F79EFBC}") = "OnlyMembers", "OnlyMembers.csproj", "{B0D6C44B-9741-4B61-892B-A633114244B5}"
EndProject
Global
	GlobalSection(SolutionConfigurationPlatforms) = preSolution
		Debug|Any CPU = Debug|Any CPU
		Release|Any CPU = Release|Any CPU
	EndGlobalSection
	GlobalSection(ProjectConfigurationPlatforms) = postSolution
		{B0D6C44B-9741-4B61-892B-A633114244B5}.Debug|Any CPU.ActiveCfg = Debug|Any CPU
		{B0D6C44B-9741-4B61-892B-A633114244B5}.Debug|Any CPU.Build.0 = Debug|Any CPU
		{B0D6C44B-9741-4B61-892B-A633114244B5}.Release|Any CPU.ActiveCfg = Release|Any CPU
		{B0D6C44B-9741-4B61-892B-A633114244B5}.Release|Any CPU.Build.0 = Release|Any CPU
	EndGlobalSection
	GlobalSection(SolutionProperties) = preSolution
		HideSolutionNode = FALSE
	EndGlobalSection
	GlobalSection(ExtensibilityGlobals) = postSolution
		SolutionGuid = {12F500C7-A56C-435A-A336-2980466EC12B}
	EndGlobalSection
EndGlobal
